{
  "name": "terminal-tab",
  "version": "0.6.0",
  "lockfileVersion": 3,
  "requires": true,
  "packages": {
    "": {
      "name": "terminal-tab",
      "version": "0.6.0",
      "license": "MIT",
      "dependencies": {
        "etch": "^0.14.0",
        "node-pty": "^1.0.1",
        "rgb-hex": "^3.0.0",
        "xterm": "^4.2.0",
        "xterm-addon-fit": "^0.3.0"
      },
      "engines": {
        "atom": ">=1.19.0 <2.0.0"
      }
    },
    "node_modules/etch": {
      "version": "0.14.1",
      "resolved": "https://registry.npmjs.org/etch/-/etch-0.14.1.tgz",
      "integrity": "sha512-+IwqSDBhaQFMUHJu4L/ir0dhDoW5IIihg4Z9lzsIxxne8V0PlSg0gnk2STaKWjGJQnDR4cxpA+a/dORX9kycTA==",
      "license": "MIT"
    },
    "node_modules/node-addon-api": {
      "version": "7.1.1",
      "resolved": "https://registry.npmjs.org/node-addon-api/-/node-addon-api-7.1.1.tgz",
      "integrity": "sha512-5m3bsyrjFWE1xf7nz7YXdN4udnVtXK6/Yfgn5qnahL6bCkf2yKt4k3nuTKAtT4r3IG8JNR2ncsIMdZuAzJjHQQ==",
      "license": "MIT"
    },
    "node_modules/node-pty": {
      "version": "1.1.0",
      "resolved": "https://registry.npmjs.org/node-pty/-/node-pty-1.1.0.tgz",
      "integrity": "sha512-20JqtutY6JPXTUnL0ij1uad7Qe1baT46lyolh2sSENDd4sTzKZ4nmAFkeAARDKwmlLjPx6XKRlwRUxwjOy+lUg==",
      "hasInstallScript": true,
      "license": "MIT",
      "dependencies": {
        "node-addon-api": "^7.1.0"
      }
    },
    "node_modules/rgb-hex": {
      "version": "3.0.0",
      "resolved": "https://registry.npmjs.org/rgb-hex/-/rgb-hex-3.0.0.tgz",
      "integrity": "sha512-8h7ZcwxCBDKvchSWbWngJuSCqJGQ6nDuLLg+QcRyQDbX9jMWt+PpPeXAhSla0GOooEomk3lCprUpGkMdsLjKyg==",
      "license": "MIT",
      "engines": {
        "node": ">=8"
      }
    },
    "node_modules/xterm": {
      "version": "4.19.0",
      "resolved": "https://registry.npmjs.org/xterm/-/xterm-4.19.0.tgz",
      "integrity": "sha512-c3Cp4eOVsYY5Q839dR5IejghRPpxciGmLWWaP9g+ppfMeBChMeLa1DCA+pmX/jyDZ+zxFOmlJL/82qVdayVoGQ==",
      "deprecated": "This package is now deprecated. Move to @xterm/xterm instead.",
      "license": "MIT"
    },
    "node_modules/xterm-addon-fit": {
      "version": "0.3.0",
      "resolved": "https://registry.npmjs.org/xterm-addon-fit/-/xterm-addon-fit-0.3.0.tgz",
      "integrity": "sha512-kvkiqHVrnMXgyCH9Xn0BOBJ7XaWC/4BgpSWQy3SueqximgW630t/QOankgqkvk11iTOCwWdAY9DTyQBXUMN3lw==",
      "deprecated": "This package is now deprecated. Move to @xterm/addon-fit instead.",
      "license": "MIT",
      "peerDependencies": {
        "xterm": "^4.0.0"
      }
    }
  }
}
